<?xml version="1.0" encoding="utf-8"?>
<Project ToolsVersion="4.0" xmlns="http://schemas.microsoft.com/developer/msbuild/2003">
  <ItemGroup>
    <Filter Include="Source Files">
      <UniqueIdentifier>{4FC737F1-C7A5-4376-A066-2A32D752A2FF}</UniqueIdentifier>
      <Extensions>cpp;c;cc;cxx;def;odl;idl;hpj;bat;asm;asmx</Extensions>
    </Filter>
    <Filter Include="Header Files">
      <UniqueIdentifier>{93995380-89BD-4b04-88EB-625FBE52EBFB}</UniqueIdentifier>
      <Extensions>h;hpp;hxx;hm;inl;inc;xsd</Extensions>
    </Filter>
    <Filter Include="Resource Files">
      <UniqueIdentifier>{67DA6AB6-F800-4c08-8B7A-83BB121AAD01}</UniqueIdentifier>
      <Extensions>rc;ico;cur;bmp;dlg;rc2;rct;bin;rgs;gif;jpg;jpeg;jpe;resx;tiff;tif;png;wav</Extensions>
    </Filter>
    <Filter Include="Blocks">
      <UniqueIdentifier>{021E4133-BF10-4666-AC89-41554528B74C}</UniqueIdentifier>
    </Filter>
    <Filter Include="Blocks\OSC">
      <UniqueIdentifier>{5249F534-3326-4A00-9357-3DFC1BEAE0FB}</UniqueIdentifier>
    </Filter>
    <Filter Include="Blocks\OSC\src">
      <UniqueIdentifier>{72D6A0C0-EF01-4E61-86BA-73C1B8045321}</UniqueIdentifier>
    </Filter>
    <Filter Include="Blocks\OSC\src\ip">
      <UniqueIdentifier>{C839C330-3F20-49AD-9738-597958550B4E}</UniqueIdentifier>
    </Filter>
    <Filter Include="Blocks\OSC\src\osc">
      <UniqueIdentifier>{DEB2F47C-E231-4B91-8991-9F7729D3E7E8}</UniqueIdentifier>
    </Filter>
    <Filter Include="Blocks\OSC\src\ip\win32">
      <UniqueIdentifier>{C78F524F-5D2A-4037-8377-A02132930704}</UniqueIdentifier>
    </Filter>
    <Filter Include="assets">
      <UniqueIdentifier>{02865bc0-8339-4f8b-a0b3-fdc525b31317}</UniqueIdentifier>
    </Filter>
  </ItemGroup>
  <ItemGroup>
    <ClCompile Include="..\src\ReymentaTextInputTweenApp.cpp">
      <Filter>Source Files</Filter>
    </ClCompile>
    <ClInclude Include="..\include\Resources.h">
      <Filter>Header Files</Filter>
    </ClInclude>
    <ClCompile Include="..\src\ReymentaTextInputTweenApp.cpp">
      <Filter>Source Files</Filter>
    </ClCompile>
    <ClCompile Include="..\..\..\blocks\OSC\src\OscBundle.cpp">
      <Filter>Blocks\OSC\src</Filter>
    </ClCompile>
    <ClCompile Include="..\..\..\blocks\OSC\src\OscListener.cpp">
      <Filter>Blocks\OSC\src</Filter>
    </ClCompile>
    <ClCompile Include="..\..\..\blocks\OSC\src\OscMessage.cpp">
      <Filter>Blocks\OSC\src</Filter>
    </ClCompile>
    <ClCompile Include="..\..\..\blocks\OSC\src\OscSender.cpp">
      <Filter>Blocks\OSC\src</Filter>
    </ClCompile>
    <ClCompile Include="..\..\..\blocks\OSC\src\ip\IpEndpointName.cpp">
      <Filter>Blocks\OSC\src\ip</Filter>
    </ClCompile>
    <ClCompile Include="..\..\..\blocks\OSC\src\osc\OscOutboundPacketStream.cpp">
      <Filter>Blocks\OSC\src\osc</Filter>
    </ClCompile>
    <ClCompile Include="..\..\..\blocks\OSC\src\osc\OscPrintReceivedElements.cpp">
      <Filter>Blocks\OSC\src\osc</Filter>
    </ClCompile>
    <ClCompile Include="..\..\..\blocks\OSC\src\osc\OscReceivedElements.cpp">
      <Filter>Blocks\OSC\src\osc</Filter>
    </ClCompile>
    <ClCompile Include="..\..\..\blocks\OSC\src\osc\OscTypes.cpp">
      <Filter>Blocks\OSC\src\osc</Filter>
    </ClCompile>
    <ClInclude Include="..\..\..\blocks\OSC\src\OscArg.h">
      <Filter>Blocks\OSC\src</Filter>
    </ClInclude>
    <ClInclude Include="..\..\..\blocks\OSC\src\OscBundle.h">
      <Filter>Blocks\OSC\src</Filter>
    </ClInclude>
    <ClInclude Include="..\..\..\blocks\OSC\src\OscListener.h">
      <Filter>Blocks\OSC\src</Filter>
    </ClInclude>
    <ClInclude Include="..\..\..\blocks\OSC\src\OscMessage.h">
      <Filter>Blocks\OSC\src</Filter>
    </ClInclude>
    <ClInclude Include="..\..\..\blocks\OSC\src\OscSender.h">
      <Filter>Blocks\OSC\src</Filter>
    </ClInclude>
    <ClInclude Include="..\..\..\blocks\OSC\src\ip\IpEndpointName.h">
      <Filter>Blocks\OSC\src\ip</Filter>
    </ClInclude>
    <ClInclude Include="..\..\..\blocks\OSC\src\ip\NetworkingUtils.h">
      <Filter>Blocks\OSC\src\ip</Filter>
    </ClInclude>
    <ClInclude Include="..\..\..\blocks\OSC\src\ip\PacketListener.h">
      <Filter>Blocks\OSC\src\ip</Filter>
    </ClInclude>
    <ClInclude Include="..\..\..\blocks\OSC\src\ip\TimerListener.h">
      <Filter>Blocks\OSC\src\ip</Filter>
    </ClInclude>
    <ClInclude Include="..\..\..\blocks\OSC\src\ip\UdpSocket.h">
      <Filter>Blocks\OSC\src\ip</Filter>
    </ClInclude>
    <ClInclude Include="..\..\..\blocks\OSC\src\osc\MessageMappingOscPacketListener.h">
      <Filter>Blocks\OSC\src\osc</Filter>
    </ClInclude>
    <ClInclude Include="..\..\..\blocks\OSC\src\osc\OscException.h">
      <Filter>Blocks\OSC\src\osc</Filter>
    </ClInclude>
    <ClInclude Include="..\..\..\blocks\OSC\src\osc\OscHostEndianness.h">
      <Filter>Blocks\OSC\src\osc</Filter>
    </ClInclude>
    <ClInclude Include="..\..\..\blocks\OSC\src\osc\OscOutboundPacketStream.h">
      <Filter>Blocks\OSC\src\osc</Filter>
    </ClInclude>
    <ClInclude Include="..\..\..\blocks\OSC\src\osc\OscPacketListener.h">
      <Filter>Blocks\OSC\src\osc</Filter>
    </ClInclude>
    <ClInclude Include="..\..\..\blocks\OSC\src\osc\OscPrintReceivedElements.h">
      <Filter>Blocks\OSC\src\osc</Filter>
    </ClInclude>
    <ClInclude Include="..\..\..\blocks\OSC\src\osc\OscReceivedElements.h">
      <Filter>Blocks\OSC\src\osc</Filter>
    </ClInclude>
    <ClInclude Include="..\..\..\blocks\OSC\src\osc\OscTypes.h">
      <Filter>Blocks\OSC\src\osc</Filter>
    </ClInclude>
    <ClCompile Include="..\..\..\blocks\OSC\src\ip\win32\NetworkingUtils.cpp">
      <Filter>Blocks\OSC\src\ip\win32</Filter>
    </ClCompile>
    <ClCompile Include="..\..\..\blocks\OSC\src\ip\win32\UdpSocket.cpp">
      <Filter>Blocks\OSC\src\ip\win32</Filter>
    </ClCompile>
    <ClCompile Include="..\src\Character.cpp">
      <Filter>Source Files</Filter>
    </ClCompile>
  </ItemGroup>
  <ItemGroup>
    <ClInclude Include="..\include\Resources.h">
      <Filter>Header Files</Filter>
    </ClInclude>
    <ClInclude Include="..\include\Character.h">
      <Filter>Header Files</Filter>
    </ClInclude>
    <ClInclude Include="..\include\ReymentaTextInputTweenApp.h">
      <Filter>Header Files</Filter>
    </ClInclude>
  </ItemGroup>
  <ItemGroup>
    <ResourceCompile Include="Resources.rc">
      <Filter>Resource Files</Filter>
    </ResourceCompile>
  </ItemGroup>
  <ItemGroup>
    <Text Include="..\assets\lyrics.txt">
      <Filter>assets</Filter>
    </Text>
  </ItemGroup>
</Project>